<?xml version="1.0" encoding="utf-8"?>
<Project ToolsVersion="4.0" xmlns="http://schemas.microsoft.com/developer/msbuild/2003">
  <ItemGroup>
    <Filter Include="Source Files">
      <UniqueIdentifier>{8c662bde-04de-4e36-85cf-0eeea9dc6815}</UniqueIdentifier>
    </Filter>
    <Filter Include="Generated Files">
      <UniqueIdentifier>{88203c36-b0b0-4b57-a438-b90a8cd30c04}</UniqueIdentifier>
      <SourceControlFiles>False</SourceControlFiles>
    </Filter>
  </ItemGroup>
  <ItemGroup>
    <ClCompile Include="dlldata.c">
      <Filter>Generated Files</Filter>
    </ClCompile>
    <ClCompile Include="IECrossfireExtension_i.c">
      <Filter>Generated Files</Filter>
    </ClCompile>
    <ClCompile Include="IECrossfireExtension_p.c">
      <Filter>Generated Files</Filter>
    </ClCompile>
  </ItemGroup>
  <ItemGroup>
    <None Include="IECrossfireExtensionps.def" />
  </ItemGroup>
</Project>