<?xml version="1.0" encoding="utf-8"?>
<Project ToolsVersion="4.0" xmlns="http://schemas.microsoft.com/developer/msbuild/2003">
  <ItemGroup>
    <Filter Include="Source Files">
      <UniqueIdentifier>{4FC737F1-C7A5-4376-A066-2A32D752A2FF}</UniqueIdentifier>
      <Extensions>cpp;c;cc;cxx;def;odl;idl;hpj;bat;asm;asmx</Extensions>
    </Filter>
    <Filter Include="Header Files">
      <UniqueIdentifier>{93995380-89BD-4b04-88EB-625FBE52EBFB}</UniqueIdentifier>
      <Extensions>h;hpp;hxx;hm;inl;inc;xsd</Extensions>
    </Filter>
    <Filter Include="Resource Files">
      <UniqueIdentifier>{67DA6AB6-F800-4c08-8B7A-83BB121AAD01}</UniqueIdentifier>
      <Extensions>rc;ico;cur;bmp;dlg;rc2;rct;bin;rgs;gif;jpg;jpeg;jpe;resx;tiff;tif;png;wav</Extensions>
    </Filter>
    <Filter Include="Generated Files">
      <UniqueIdentifier>{f6ab1c25-d431-489b-b82f-215c09375f9a}</UniqueIdentifier>
      <SourceControlFiles>False</SourceControlFiles>
    </Filter>
  </ItemGroup>
  <ItemGroup>
    <ClCompile Include="CrossfireBPManager.cpp">
      <Filter>Source Files</Filter>
    </ClCompile>
    <ClCompile Include="CrossfireBreakpoint.cpp">
      <Filter>Source Files</Filter>
    </ClCompile>
    <ClCompile Include="CrossfireContext.cpp">
      <Filter>Source Files</Filter>
    </ClCompile>
    <ClCompile Include="CrossfireEvent.cpp">
      <Filter>Source Files</Filter>
    </ClCompile>
    <ClCompile Include="CrossfireLineBreakpoint.cpp">
      <Filter>Source Files</Filter>
    </ClCompile>
    <ClCompile Include="CrossfirePacket.cpp">
      <Filter>Source Files</Filter>
    </ClCompile>
    <ClCompile Include="CrossfireProcessor.cpp">
      <Filter>Source Files</Filter>
    </ClCompile>
    <ClCompile Include="CrossfireRequest.cpp">
      <Filter>Source Files</Filter>
    </ClCompile>
    <ClCompile Include="CrossfireResponse.cpp">
      <Filter>Source Files</Filter>
    </ClCompile>
    <ClCompile Include="CrossfireServer.cpp">
      <Filter>Source Files</Filter>
    </ClCompile>
    <ClCompile Include="CrossfireServerClass.cpp">
      <Filter>Source Files</Filter>
    </ClCompile>
    <ClCompile Include="IECrossfireServer.cpp">
      <Filter>Source Files</Filter>
    </ClCompile>
    <ClCompile Include="IEDebugger.cpp">
      <Filter>Source Files</Filter>
    </ClCompile>
    <ClCompile Include="JSEvalCallback.cpp">
      <Filter>Source Files</Filter>
    </ClCompile>
    <ClCompile Include="JSONParser.cpp">
      <Filter>Source Files</Filter>
    </ClCompile>
    <ClCompile Include="Logger.cpp">
      <Filter>Source Files</Filter>
    </ClCompile>
    <ClCompile Include="PendingScriptLoad.cpp">
      <Filter>Source Files</Filter>
    </ClCompile>
    <ClCompile Include="stdafx.cpp">
      <Filter>Source Files</Filter>
    </ClCompile>
    <ClCompile Include="Value.cpp">
      <Filter>Source Files</Filter>
    </ClCompile>
    <ClCompile Include="WindowsSocketConnection.cpp">
      <Filter>Source Files</Filter>
    </ClCompile>
    <ClCompile Include="IECrossfireServer_i.c">
      <Filter>Generated Files</Filter>
    </ClCompile>
    <ClCompile Include="URL.cpp">
      <Filter>Source Files</Filter>
    </ClCompile>
  </ItemGroup>
  <ItemGroup>
    <Midl Include="IECrossfireServer.idl">
      <Filter>Source Files</Filter>
    </Midl>
  </ItemGroup>
  <ItemGroup>
    <ClInclude Include="CrossfireBPManager.h">
      <Filter>Header Files</Filter>
    </ClInclude>
    <ClInclude Include="CrossfireBreakpoint.h">
      <Filter>Header Files</Filter>
    </ClInclude>
    <ClInclude Include="CrossfireContext.h">
      <Filter>Header Files</Filter>
    </ClInclude>
    <ClInclude Include="CrossfireEvent.h">
      <Filter>Header Files</Filter>
    </ClInclude>
    <ClInclude Include="CrossfireLineBreakpoint.h">
      <Filter>Header Files</Filter>
    </ClInclude>
    <ClInclude Include="CrossfirePacket.h">
      <Filter>Header Files</Filter>
    </ClInclude>
    <ClInclude Include="CrossfireProcessor.h">
      <Filter>Header Files</Filter>
    </ClInclude>
    <ClInclude Include="CrossfireRequest.h">
      <Filter>Header Files</Filter>
    </ClInclude>
    <ClInclude Include="CrossfireResponse.h">
      <Filter>Header Files</Filter>
    </ClInclude>
    <ClInclude Include="CrossfireServer.h">
      <Filter>Header Files</Filter>
    </ClInclude>
    <ClInclude Include="CrossfireServerClass.h">
      <Filter>Header Files</Filter>
    </ClInclude>
    <ClInclude Include="IBreakpointTarget.h">
      <Filter>Header Files</Filter>
    </ClInclude>
    <ClInclude Include="IEDebugger.h">
      <Filter>Header Files</Filter>
    </ClInclude>
    <ClInclude Include="JSEvalCallback.h">
      <Filter>Header Files</Filter>
    </ClInclude>
    <ClInclude Include="JSONParser.h">
      <Filter>Header Files</Filter>
    </ClInclude>
    <ClInclude Include="Logger.h">
      <Filter>Header Files</Filter>
    </ClInclude>
    <ClInclude Include="PendingScriptLoad.h">
      <Filter>Header Files</Filter>
    </ClInclude>
    <ClInclude Include="Resource.h">
      <Filter>Header Files</Filter>
    </ClInclude>
    <ClInclude Include="stdafx.h">
      <Filter>Header Files</Filter>
    </ClInclude>
    <ClInclude Include="Value.h">
      <Filter>Header Files</Filter>
    </ClInclude>
    <ClInclude Include="WindowsSocketConnection.h">
      <Filter>Header Files</Filter>
    </ClInclude>
    <ClInclude Include="IECrossfireServer.h">
      <Filter>Generated Files</Filter>
    </ClInclude>
    <ClInclude Include="IJSEvalHandler.h">
      <Filter>Header Files</Filter>
    </ClInclude>
    <ClInclude Include="URL.h">
      <Filter>Header Files</Filter>
    </ClInclude>
  </ItemGroup>
  <ItemGroup>
    <None Include="CrossfireServer1.rgs">
      <Filter>Resource Files</Filter>
    </None>
    <None Include="CrossfireServerClass.rgs">
      <Filter>Resource Files</Filter>
    </None>
    <None Include="IECrossfireServer.rgs">
      <Filter>Resource Files</Filter>
    </None>
    <None Include="IEDebugger.rgs">
      <Filter>Resource Files</Filter>
    </None>
    <None Include="JSEvalCallback.rgs">
      <Filter>Resource Files</Filter>
    </None>
    <None Include="PendingScriptLoad.rgs">
      <Filter>Resource Files</Filter>
    </None>
    <None Include="BrowserContext.rgs">
      <Filter>Resource Files</Filter>
    </None>
    <None Include="registry.bin">
      <Filter>Resource Files</Filter>
    </None>
  </ItemGroup>
  <ItemGroup>
    <ResourceCompile Include="IECrossfireServer.rc">
      <Filter>Resource Files</Filter>
    </ResourceCompile>
  </ItemGroup>
</Project>