<?xml version="1.0" encoding="utf-8"?>
<Project ToolsVersion="4.0" xmlns="http://schemas.microsoft.com/developer/msbuild/2003">
  <ItemGroup>
    <Filter Include="Source Files">
      <UniqueIdentifier>{f04fb3ce-90f0-4544-a5b1-f643363d7619}</UniqueIdentifier>
    </Filter>
    <Filter Include="Generated Files">
      <UniqueIdentifier>{c0c598fb-6827-4089-9ee9-dcebd15ca0b7}</UniqueIdentifier>
      <SourceControlFiles>False</SourceControlFiles>
    </Filter>
  </ItemGroup>
  <ItemGroup>
    <ClCompile Include="dlldata.c">
      <Filter>Generated Files</Filter>
    </ClCompile>
    <ClCompile Include="IECrossfireServer_i.c">
      <Filter>Generated Files</Filter>
    </ClCompile>
    <ClCompile Include="IECrossfireServer_p.c">
      <Filter>Generated Files</Filter>
    </ClCompile>
  </ItemGroup>
  <ItemGroup>
    <None Include="IECrossfireServerps.def" />
  </ItemGroup>
</Project>